
Microsoft Visual Studio Solution File, Format Version 12.00
# Visual Studio Version 17
VisualStudioVersion = 17.7.34031.279
MinimumVisualStudioVersion = 10.0.40219.1
Project("{FAE04EC0-301F-11D3-BF4B-00C04F79EFBC}") = "MyFirstApp", "MyFirstApp\MyFirstApp.csproj", "{5B37FDAA-63E5-46C6-AC5B-EDABFCF829CC}"
EndProject
Global
	GlobalSection(SolutionConfigurationPlatforms) = preSolution
		Debug|Any CPU = Debug|Any CPU
		Release|Any CPU = Release|Any CPU
	EndGlobalSection
	GlobalSection(ProjectConfigurationPlatforms) = postSolution
		{5B37FDAA-63E5-46C6-AC5B-EDABFCF829CC}.Debug|Any CPU.ActiveCfg = Debug|Any CPU
		{5B37FDAA-63E5-46C6-AC5B-EDABFCF829CC}.Debug|Any CPU.Build.0 = Debug|Any CPU
		{5B37FDAA-63E5-46C6-AC5B-EDABFCF829CC}.Release|Any CPU.ActiveCfg = Release|Any CPU
		{5B37FDAA-63E5-46C6-AC5B-EDABFCF829CC}.Release|Any CPU.Build.0 = Release|Any CPU
	EndGlobalSection
	GlobalSection(SolutionProperties) = preSolution
		HideSolutionNode = FALSE
	EndGlobalSection
	GlobalSection(ExtensibilityGlobals) = postSolution
		SolutionGuid = {1D9E0EEC-0266-47DC-90B8-7BD7357E8394}
	EndGlobalSection
EndGlobal
